
Microsoft Visual Studio Solution File, Format Version 12.00
# Visual Studio 15
VisualStudioVersion = 15.0.27428.2037
MinimumVisualStudioVersion = 10.0.40219.1
Project("{FAE04EC0-301F-11D3-BF4B-00C04F79EFBC}") = "SimpleProcessing", "SimpleProcessing\SimpleProcessing.csproj", "{547F15D8-3B2B-411F-9988-1B93DCFB2031}"
EndProject
Project("{FAE04EC0-301F-11D3-BF4B-00C04F79EFBC}") = "ImageProcessor", "ImageProcessor\ImageProcessor.csproj", "{461F8992-01C3-4C11-B008-E93E0DE50DA1}"
EndProject
Global
	GlobalSection(SolutionConfigurationPlatforms) = preSolution
		Debug|Any CPU = Debug|Any CPU
		Release|Any CPU = Release|Any CPU
	EndGlobalSection
	GlobalSection(ProjectConfigurationPlatforms) = postSolution
		{547F15D8-3B2B-411F-9988-1B93DCFB2031}.Debug|Any CPU.ActiveCfg = Debug|Any CPU
		{547F15D8-3B2B-411F-9988-1B93DCFB2031}.Debug|Any CPU.Build.0 = Debug|Any CPU
		{547F15D8-3B2B-411F-9988-1B93DCFB2031}.Release|Any CPU.ActiveCfg = Release|Any CPU
		{547F15D8-3B2B-411F-9988-1B93DCFB2031}.Release|Any CPU.Build.0 = Release|Any CPU
		{461F8992-01C3-4C11-B008-E93E0DE50DA1}.Debug|Any CPU.ActiveCfg = Debug|Any CPU
		{461F8992-01C3-4C11-B008-E93E0DE50DA1}.Debug|Any CPU.Build.0 = Debug|Any CPU
		{461F8992-01C3-4C11-B008-E93E0DE50DA1}.Release|Any CPU.ActiveCfg = Release|Any CPU
		{461F8992-01C3-4C11-B008-E93E0DE50DA1}.Release|Any CPU.Build.0 = Release|Any CPU
	EndGlobalSection
	GlobalSection(SolutionProperties) = preSolution
		HideSolutionNode = FALSE
	EndGlobalSection
	GlobalSection(ExtensibilityGlobals) = postSolution
		SolutionGuid = {269CB848-85AB-475E-9BD6-5007BAE1A6F8}
	EndGlobalSection
EndGlobal
